
Microsoft Visual Studio Solution File, Format Version 12.00
# Visual Studio Version 16
VisualStudioVersion = 16.0.32413.511
MinimumVisualStudioVersion = 10.0.40219.1
Project("{FAE04EC0-301F-11D3-BF4B-00C04F79EFBC}") = "manage_global_rp_value", "manage_global_rp_value\manage_global_rp_value.csproj", "{78117364-78E6-43FE-A48E-83DBAE55A23C}"
EndProject
Global
	GlobalSection(SolutionConfigurationPlatforms) = preSolution
		Debug|Any CPU = Debug|Any CPU
		Release|Any CPU = Release|Any CPU
	EndGlobalSection
	GlobalSection(ProjectConfigurationPlatforms) = postSolution
		{78117364-78E6-43FE-A48E-83DBAE55A23C}.Debug|Any CPU.ActiveCfg = Debug|Any CPU
		{78117364-78E6-43FE-A48E-83DBAE55A23C}.Debug|Any CPU.Build.0 = Debug|Any CPU
		{78117364-78E6-43FE-A48E-83DBAE55A23C}.Release|Any CPU.ActiveCfg = Release|Any CPU
		{78117364-78E6-43FE-A48E-83DBAE55A23C}.Release|Any CPU.Build.0 = Release|Any CPU
	EndGlobalSection
	GlobalSection(SolutionProperties) = preSolution
		HideSolutionNode = FALSE
	EndGlobalSection
	GlobalSection(ExtensibilityGlobals) = postSolution
		SolutionGuid = {432645C8-2C31-4883-9AA5-2664CC9E22F9}
	EndGlobalSection
EndGlobal
